{
  "requires": true,
  "lockfileVersion": 1,
  "dependencies": {
    "big-integer": {
      "version": "1.6.48",
      "resolved": "https://registry.npmjs.org/big-integer/-/big-integer-1.6.48.tgz",
      "integrity": "sha512-j51egjPa7/i+RdiRuJbPdJ2FIUYYPhvYLjzoYbcMMm62ooO6F94fETG4MTs46zPAF9Brs04OajboA/qTGuz78w=="
    },
    "long": {
      "version": "4.0.0",
      "resolved": "https://registry.npmjs.org/long/-/long-4.0.0.tgz",
      "integrity": "sha512-XsP+KhQif4bjX1kbuSiySJFNAehNxgLb6hPRGJ9QsUr8ajHkuXGdrHmFUTUUXhDwVX2R5bY4JNZEwbUiMhV+MA=="
    },
    "purty": {
      "version": "6.3.0",
      "resolved": "https://registry.npmjs.org/purty/-/purty-6.3.0.tgz",
      "integrity": "sha512-l70uQyz+t5GvCPzOorUbIhRX3oQW9i8Kgwr0LvS6nUq+UM4rMJdYcHazuupcLVInvNsbd290EnpjaRgAITt0dw=="
    }
  }
}
